// !$*UTF8*$!
{
	archiveVersion = 1;
	classes = {
	};
	objectVersion = 50;
	objects = {

/* Begin PBXFileReference section */
		961523FC25D48B8B007E5BAD /* Dockerfile */ = {isa = PBXFileReference; lastKnownFileType = text; path = Dockerfile; sourceTree = "<group>"; };
		961523FE25D48C65007E5BAD /* index.html */ = {isa = PBXFileReference; lastKnownFileType = text.html; path = index.html; sourceTree = "<group>"; };
/* End PBXFileReference section */

/* Begin PBXGroup section */
		961523F525D48B43007E5BAD = {
			isa = PBXGroup;
			children = (
				961523FD25D48C46007E5BAD /* html */,
				961523FC25D48B8B007E5BAD /* Dockerfile */,
			);
			sourceTree = "<group>";
		};
		961523FD25D48C46007E5BAD /* html */ = {
			isa = PBXGroup;
			children = (
				961523FE25D48C65007E5BAD /* index.html */,
			);
			path = html;
			sourceTree = "<group>";
		};
/* End PBXGroup section */

/* Begin PBXProject section */
		961523F625D48B43007E5BAD /* Project object */ = {
			isa = PBXProject;
			attributes = {
				LastUpgradeCheck = 1220;
			};
			buildConfigurationList = 961523F925D48B43007E5BAD /* Build configuration list for PBXProject "xcode-web" */;
			compatibilityVersion = "Xcode 9.3";
			developmentRegion = en;
			hasScannedForEncodings = 0;
			knownRegions = (
				en,
				Base,
			);
			mainGroup = 961523F525D48B43007E5BAD;
			projectDirPath = "";
			projectRoot = "";
			targets = (
			);
		};
/* End PBXProject section */

/* Begin XCBuildConfiguration section */
		961523FA25D48B43007E5BAD /* Debug */ = {
			isa = XCBuildConfiguration;
			buildSettings = {
			};
			name = Debug;
		};
		961523FB25D48B43007E5BAD /* Release */ = {
			isa = XCBuildConfiguration;
			buildSettings = {
			};
			name = Release;
		};
/* End XCBuildConfiguration section */

/* Begin XCConfigurationList section */
		961523F925D48B43007E5BAD /* Build configuration list for PBXProject "xcode-web" */ = {
			isa = XCConfigurationList;
			buildConfigurations = (
				961523FA25D48B43007E5BAD /* Debug */,
				961523FB25D48B43007E5BAD /* Release */,
			);
			defaultConfigurationIsVisible = 0;
			defaultConfigurationName = Release;
		};
/* End XCConfigurationList section */
	};
	rootObject = 961523F625D48B43007E5BAD /* Project object */;
}
